# This file is automatically @generated by Poetry 2.1.1 and should not be changed by hand.

[[package]]
name = "pyparsing"
version = "3.1.2"
description = "pyparsing module - Classes and methods to define and execute parsing grammars"
optional = false
python-versions = ">=3.6.8"
groups = ["main"]
files = [
    {file = "pyparsing-3.1.2-py3-none-any.whl", hash = "sha256:f9db75911801ed778fe61bb643079ff86601aca99fcae6345aa67292038fb742"},
    {file = "pyparsing-3.1.2.tar.gz", hash = "sha256:a1bac0ce561155ecc3ed78ca94d3c9378656ad4c94c1270de543f621420f94ad"},
]

[package.extras]
diagrams = ["jinja2", "railroad-diagrams"]

[[package]]
name = "rdflib"
version = "7.2.1"
description = "RDFLib is a Python library for working with RDF, a simple yet powerful language for representing information."
optional = false
python-versions = ">=3.8.1"
groups = ["main"]
files = [
    {file = "rdflib-7.2.1-py3-none-any.whl", hash = "sha256:1a175bc1386a167a42fbfaba003bfa05c164a2a3ca3cb9c0c97f9c9638ca6ac2"},
    {file = "rdflib-7.2.1.tar.gz", hash = "sha256:cf9b7fa25234e8925da8b1fb09700f8349b5f0f100e785fb4260e737308292ac"},
]

[package.dependencies]
pyparsing = ">=2.1.0,<4"

[package.extras]
berkeleydb = ["berkeleydb (>=18.1.0,<19.0.0)"]
html = ["html5rdf (>=1.2,<2)"]
lxml = ["lxml (>=4.3,<6.0)"]
networkx = ["networkx (>=2,<4)"]
orjson = ["orjson (>=3.9.14,<4)"]

[metadata]
lock-version = "2.1"
python-versions = "^3.11"
content-hash = "76f7156db45a2486c56dabf7a8135e1eb5886919a76fb56f03b2dd15c9d8ca3e"
